
Microsoft Visual Studio Solution File, Format Version 12.00
# Visual Studio Version 16
VisualStudioVersion = 16.0.29509.3
MinimumVisualStudioVersion = 10.0.40219.1
Project("{FAE04EC0-301F-11D3-BF4B-00C04F79EFBC}") = "Lab_4", "Lab_4\Lab_4.csproj", "{EE103D0C-0A5A-49D7-B737-564ED9A00C5B}"
EndProject
Global
	GlobalSection(SolutionConfigurationPlatforms) = preSolution
		Debug|Any CPU = Debug|Any CPU
		Release|Any CPU = Release|Any CPU
	EndGlobalSection
	GlobalSection(ProjectConfigurationPlatforms) = postSolution
		{EE103D0C-0A5A-49D7-B737-564ED9A00C5B}.Debug|Any CPU.ActiveCfg = Debug|Any CPU
		{EE103D0C-0A5A-49D7-B737-564ED9A00C5B}.Debug|Any CPU.Build.0 = Debug|Any CPU
		{EE103D0C-0A5A-49D7-B737-564ED9A00C5B}.Release|Any CPU.ActiveCfg = Release|Any CPU
		{EE103D0C-0A5A-49D7-B737-564ED9A00C5B}.Release|Any CPU.Build.0 = Release|Any CPU
	EndGlobalSection
	GlobalSection(SolutionProperties) = preSolution
		HideSolutionNode = FALSE
	EndGlobalSection
	GlobalSection(ExtensibilityGlobals) = postSolution
		SolutionGuid = {69163A4B-52E7-45DE-AC67-D717E22E5448}
	EndGlobalSection
EndGlobal
