
Microsoft Visual Studio Solution File, Format Version 12.00
# Visual Studio Version 16
VisualStudioVersion = 16.0.29509.3
MinimumVisualStudioVersion = 10.0.40219.1
Project("{FAE04EC0-301F-11D3-BF4B-00C04F79EFBC}") = "Lab_3", "Lab_3\Lab_3.csproj", "{837B5CDE-022F-4E35-A631-B1767AF480E9}"
EndProject
Global
	GlobalSection(SolutionConfigurationPlatforms) = preSolution
		Debug|Any CPU = Debug|Any CPU
		Release|Any CPU = Release|Any CPU
	EndGlobalSection
	GlobalSection(ProjectConfigurationPlatforms) = postSolution
		{837B5CDE-022F-4E35-A631-B1767AF480E9}.Debug|Any CPU.ActiveCfg = Debug|Any CPU
		{837B5CDE-022F-4E35-A631-B1767AF480E9}.Debug|Any CPU.Build.0 = Debug|Any CPU
		{837B5CDE-022F-4E35-A631-B1767AF480E9}.Release|Any CPU.ActiveCfg = Release|Any CPU
		{837B5CDE-022F-4E35-A631-B1767AF480E9}.Release|Any CPU.Build.0 = Release|Any CPU
	EndGlobalSection
	GlobalSection(SolutionProperties) = preSolution
		HideSolutionNode = FALSE
	EndGlobalSection
	GlobalSection(ExtensibilityGlobals) = postSolution
		SolutionGuid = {D68AFFE5-D046-4F96-9F33-ECFE2A773C51}
	EndGlobalSection
EndGlobal
